
Microsoft Visual Studio Solution File, Format Version 12.00
# Visual Studio Version 17
VisualStudioVersion = 17.7.34031.279
MinimumVisualStudioVersion = 10.0.40219.1
Project("{FAE04EC0-301F-11D3-BF4B-00C04F79EFBC}") = "ECommerceAPI", "ECommerceAPI\ECommerceAPI.csproj", "{E2580493-B306-4589-9298-A9419C75B8C5}"
EndProject
Global
	GlobalSection(SolutionConfigurationPlatforms) = preSolution
		Debug|Any CPU = Debug|Any CPU
		Release|Any CPU = Release|Any CPU
	EndGlobalSection
	GlobalSection(ProjectConfigurationPlatforms) = postSolution
		{E2580493-B306-4589-9298-A9419C75B8C5}.Debug|Any CPU.ActiveCfg = Debug|Any CPU
		{E2580493-B306-4589-9298-A9419C75B8C5}.Debug|Any CPU.Build.0 = Debug|Any CPU
		{E2580493-B306-4589-9298-A9419C75B8C5}.Release|Any CPU.ActiveCfg = Release|Any CPU
		{E2580493-B306-4589-9298-A9419C75B8C5}.Release|Any CPU.Build.0 = Release|Any CPU
	EndGlobalSection
	GlobalSection(SolutionProperties) = preSolution
		HideSolutionNode = FALSE
	EndGlobalSection
	GlobalSection(ExtensibilityGlobals) = postSolution
		SolutionGuid = {230FF6BF-ADCA-4D4B-BEEE-D66CA83BEAC1}
	EndGlobalSection
EndGlobal
